
Microsoft Visual Studio Solution File, Format Version 12.00
# Visual Studio Version 17
VisualStudioVersion = 17.12.35707.178 d17.12
MinimumVisualStudioVersion = 10.0.40219.1
Project("{FAE04EC0-301F-11D3-BF4B-00C04F79EFBC}") = "AuthService.Presentation", "VideoProcessorX.AuthService\AuthService.Presentation.csproj", "{34A3BF67-2718-41EB-9A84-49D4964A897D}"
EndProject
Project("{2150E333-8FDC-42A3-9474-1A3956D46DE8}") = "src", "src", "{D7971A1E-FFAD-4ABD-9E94-FD54EF30C69B}"
EndProject
Project("{FAE04EC0-301F-11D3-BF4B-00C04F79EFBC}") = "AuthService.Infraestructure", "AuthService.Infraestructure\AuthService.Infraestructure.csproj", "{58B92F5C-7DB1-471E-A88D-52EE9581CD1A}"
EndProject
Project("{FAE04EC0-301F-11D3-BF4B-00C04F79EFBC}") = "AuthService.Domain", "AuthService.Domain\AuthService.Domain.csproj", "{5C98DF47-EB67-4162-BA9F-9E9884B64ED6}"
EndProject
Project("{FAE04EC0-301F-11D3-BF4B-00C04F79EFBC}") = "AuthService.Application", "AuthService.Application\AuthService.Application.csproj", "{AD4F7333-390D-449D-BFE9-650E79586B74}"
EndProject
Project("{2150E333-8FDC-42A3-9474-1A3956D46DE8}") = "tests", "tests", "{D83E790C-9A7D-4EEA-9409-A9A3264E2B1B}"
EndProject
Project("{FAE04EC0-301F-11D3-BF4B-00C04F79EFBC}") = "AuthService.UnitTests", "AuthService.UnitTests\AuthService.UnitTests.csproj", "{3172A4A7-568A-46FF-A40C-60E137C0373B}"
EndProject
Global
	GlobalSection(SolutionConfigurationPlatforms) = preSolution
		Debug|Any CPU = Debug|Any CPU
		Release|Any CPU = Release|Any CPU
	EndGlobalSection
	GlobalSection(ProjectConfigurationPlatforms) = postSolution
		{34A3BF67-2718-41EB-9A84-49D4964A897D}.Debug|Any CPU.ActiveCfg = Debug|Any CPU
		{34A3BF67-2718-41EB-9A84-49D4964A897D}.Debug|Any CPU.Build.0 = Debug|Any CPU
		{34A3BF67-2718-41EB-9A84-49D4964A897D}.Release|Any CPU.ActiveCfg = Release|Any CPU
		{34A3BF67-2718-41EB-9A84-49D4964A897D}.Release|Any CPU.Build.0 = Release|Any CPU
		{58B92F5C-7DB1-471E-A88D-52EE9581CD1A}.Debug|Any CPU.ActiveCfg = Debug|Any CPU
		{58B92F5C-7DB1-471E-A88D-52EE9581CD1A}.Debug|Any CPU.Build.0 = Debug|Any CPU
		{58B92F5C-7DB1-471E-A88D-52EE9581CD1A}.Release|Any CPU.ActiveCfg = Release|Any CPU
		{58B92F5C-7DB1-471E-A88D-52EE9581CD1A}.Release|Any CPU.Build.0 = Release|Any CPU
		{5C98DF47-EB67-4162-BA9F-9E9884B64ED6}.Debug|Any CPU.ActiveCfg = Debug|Any CPU
		{5C98DF47-EB67-4162-BA9F-9E9884B64ED6}.Debug|Any CPU.Build.0 = Debug|Any CPU
		{5C98DF47-EB67-4162-BA9F-9E9884B64ED6}.Release|Any CPU.ActiveCfg = Release|Any CPU
		{5C98DF47-EB67-4162-BA9F-9E9884B64ED6}.Release|Any CPU.Build.0 = Release|Any CPU
		{AD4F7333-390D-449D-BFE9-650E79586B74}.Debug|Any CPU.ActiveCfg = Debug|Any CPU
		{AD4F7333-390D-449D-BFE9-650E79586B74}.Debug|Any CPU.Build.0 = Debug|Any CPU
		{AD4F7333-390D-449D-BFE9-650E79586B74}.Release|Any CPU.ActiveCfg = Release|Any CPU
		{AD4F7333-390D-449D-BFE9-650E79586B74}.Release|Any CPU.Build.0 = Release|Any CPU
		{3172A4A7-568A-46FF-A40C-60E137C0373B}.Debug|Any CPU.ActiveCfg = Debug|Any CPU
		{3172A4A7-568A-46FF-A40C-60E137C0373B}.Debug|Any CPU.Build.0 = Debug|Any CPU
		{3172A4A7-568A-46FF-A40C-60E137C0373B}.Release|Any CPU.ActiveCfg = Release|Any CPU
		{3172A4A7-568A-46FF-A40C-60E137C0373B}.Release|Any CPU.Build.0 = Release|Any CPU
	EndGlobalSection
	GlobalSection(SolutionProperties) = preSolution
		HideSolutionNode = FALSE
	EndGlobalSection
	GlobalSection(NestedProjects) = preSolution
		{34A3BF67-2718-41EB-9A84-49D4964A897D} = {D7971A1E-FFAD-4ABD-9E94-FD54EF30C69B}
		{58B92F5C-7DB1-471E-A88D-52EE9581CD1A} = {D7971A1E-FFAD-4ABD-9E94-FD54EF30C69B}
		{5C98DF47-EB67-4162-BA9F-9E9884B64ED6} = {D7971A1E-FFAD-4ABD-9E94-FD54EF30C69B}
		{AD4F7333-390D-449D-BFE9-650E79586B74} = {D7971A1E-FFAD-4ABD-9E94-FD54EF30C69B}
		{3172A4A7-568A-46FF-A40C-60E137C0373B} = {D83E790C-9A7D-4EEA-9409-A9A3264E2B1B}
	EndGlobalSection
EndGlobal
